
Microsoft Visual Studio Solution File, Format Version 12.00
# Visual Studio 2012
Project("{FAE04EC0-301F-11D3-BF4B-00C04F79EFBC}") = "HW10", "HW10\HW10.csproj", "{B7EC212E-9469-4E37-BA0F-D087D8C19911}"
EndProject
Global
	GlobalSection(SolutionConfigurationPlatforms) = preSolution
		Debug|Any CPU = Debug|Any CPU
		Release|Any CPU = Release|Any CPU
	EndGlobalSection
	GlobalSection(ProjectConfigurationPlatforms) = postSolution
		{B7EC212E-9469-4E37-BA0F-D087D8C19911}.Debug|Any CPU.ActiveCfg = Debug|Any CPU
		{B7EC212E-9469-4E37-BA0F-D087D8C19911}.Debug|Any CPU.Build.0 = Debug|Any CPU
		{B7EC212E-9469-4E37-BA0F-D087D8C19911}.Release|Any CPU.ActiveCfg = Release|Any CPU
		{B7EC212E-9469-4E37-BA0F-D087D8C19911}.Release|Any CPU.Build.0 = Release|Any CPU
	EndGlobalSection
EndGlobal
